// !$*UTF8*$!
{
	archiveVersion = 1;
	classes = {
	};
	objectVersion = 56;
	objects = {

/* Begin PBXBuildFile section */
		87536B0F2BD4FDF90074C273 /* Yoga_AssignmentApp.swift in Sources */ = {isa = PBXBuildFile; fileRef = 87536B0E2BD4FDF90074C273 /* Yoga_AssignmentApp.swift */; };
		87536B112BD4FDF90074C273 /* MainView.swift in Sources */ = {isa = PBXBuildFile; fileRef = 87536B102BD4FDF90074C273 /* MainView.swift */; };
		87536B132BD4FDFB0074C273 /* Assets.xcassets in Resources */ = {isa = PBXBuildFile; fileRef = 87536B122BD4FDFB0074C273 /* Assets.xcassets */; };
		87536B162BD4FDFB0074C273 /* Preview Assets.xcassets in Resources */ = {isa = PBXBuildFile; fileRef = 87536B152BD4FDFB0074C273 /* Preview Assets.xcassets */; };
		87536B242BD500360074C273 /* MyPlanView.swift in Sources */ = {isa = PBXBuildFile; fileRef = 87536B232BD500360074C273 /* MyPlanView.swift */; };
		87536B262BD501450074C273 /* LibraryView.swift in Sources */ = {isa = PBXBuildFile; fileRef = 87536B252BD501450074C273 /* LibraryView.swift */; };
		87536B282BD502D90074C273 /* MilestonesView.swift in Sources */ = {isa = PBXBuildFile; fileRef = 87536B272BD502D90074C273 /* MilestonesView.swift */; };
		87536B2A2BD502E30074C273 /* MoreView.swift in Sources */ = {isa = PBXBuildFile; fileRef = 87536B292BD502E30074C273 /* MoreView.swift */; };
		87536B362BD519E80074C273 /* SessionsScroller.swift in Sources */ = {isa = PBXBuildFile; fileRef = 87536B352BD519E80074C273 /* SessionsScroller.swift */; };
		87536B382BD519FA0074C273 /* SessionCard.swift in Sources */ = {isa = PBXBuildFile; fileRef = 87536B372BD519FA0074C273 /* SessionCard.swift */; };
		87536B3C2BD51E7A0074C273 /* Intensity.swift in Sources */ = {isa = PBXBuildFile; fileRef = 87536B3B2BD51E7A0074C273 /* Intensity.swift */; };
		87536B3E2BD51FD60074C273 /* Session.swift in Sources */ = {isa = PBXBuildFile; fileRef = 87536B3D2BD51FD60074C273 /* Session.swift */; };
		87536B422BD5221D0074C273 /* DataManager.swift in Sources */ = {isa = PBXBuildFile; fileRef = 87536B412BD5221D0074C273 /* DataManager.swift */; };
		87536B452BD546080074C273 /* sessions.json in Resources */ = {isa = PBXBuildFile; fileRef = 87536B442BD546080074C273 /* sessions.json */; };
		87536B4C2BD54CF50074C273 /* KohinoorText.swift in Sources */ = {isa = PBXBuildFile; fileRef = 87536B4B2BD54CF50074C273 /* KohinoorText.swift */; };
/* End PBXBuildFile section */

/* Begin PBXFileReference section */
		87536B0B2BD4FDF90074C273 /* Yoga Assignment.app */ = {isa = PBXFileReference; explicitFileType = wrapper.application; includeInIndex = 0; path = "Yoga Assignment.app"; sourceTree = BUILT_PRODUCTS_DIR; };
		87536B0E2BD4FDF90074C273 /* Yoga_AssignmentApp.swift */ = {isa = PBXFileReference; lastKnownFileType = sourcecode.swift; path = Yoga_AssignmentApp.swift; sourceTree = "<group>"; };
		87536B102BD4FDF90074C273 /* MainView.swift */ = {isa = PBXFileReference; lastKnownFileType = sourcecode.swift; path = MainView.swift; sourceTree = "<group>"; };
		87536B122BD4FDFB0074C273 /* Assets.xcassets */ = {isa = PBXFileReference; lastKnownFileType = folder.assetcatalog; path = Assets.xcassets; sourceTree = "<group>"; };
		87536B152BD4FDFB0074C273 /* Preview Assets.xcassets */ = {isa = PBXFileReference; lastKnownFileType = folder.assetcatalog; path = "Preview Assets.xcassets"; sourceTree = "<group>"; };
		87536B232BD500360074C273 /* MyPlanView.swift */ = {isa = PBXFileReference; lastKnownFileType = sourcecode.swift; path = MyPlanView.swift; sourceTree = "<group>"; };
		87536B252BD501450074C273 /* LibraryView.swift */ = {isa = PBXFileReference; lastKnownFileType = sourcecode.swift; path = LibraryView.swift; sourceTree = "<group>"; };
		87536B272BD502D90074C273 /* MilestonesView.swift */ = {isa = PBXFileReference; lastKnownFileType = sourcecode.swift; path = MilestonesView.swift; sourceTree = "<group>"; };
		87536B292BD502E30074C273 /* MoreView.swift */ = {isa = PBXFileReference; lastKnownFileType = sourcecode.swift; path = MoreView.swift; sourceTree = "<group>"; };
		87536B352BD519E80074C273 /* SessionsScroller.swift */ = {isa = PBXFileReference; lastKnownFileType = sourcecode.swift; path = SessionsScroller.swift; sourceTree = "<group>"; };
		87536B372BD519FA0074C273 /* SessionCard.swift */ = {isa = PBXFileReference; lastKnownFileType = sourcecode.swift; path = SessionCard.swift; sourceTree = "<group>"; };
		87536B3B2BD51E7A0074C273 /* Intensity.swift */ = {isa = PBXFileReference; lastKnownFileType = sourcecode.swift; path = Intensity.swift; sourceTree = "<group>"; };
		87536B3D2BD51FD60074C273 /* Session.swift */ = {isa = PBXFileReference; lastKnownFileType = sourcecode.swift; path = Session.swift; sourceTree = "<group>"; };
		87536B412BD5221D0074C273 /* DataManager.swift */ = {isa = PBXFileReference; lastKnownFileType = sourcecode.swift; path = DataManager.swift; sourceTree = "<group>"; };
		87536B442BD546080074C273 /* sessions.json */ = {isa = PBXFileReference; fileEncoding = 4; lastKnownFileType = text.json; path = sessions.json; sourceTree = "<group>"; };
		87536B472BD549990074C273 /* Kohinoor-Medium.otf */ = {isa = PBXFileReference; lastKnownFileType = file; path = "Kohinoor-Medium.otf"; sourceTree = "<group>"; };
		87536B482BD5499A0074C273 /* Kohinoor-Book.otf */ = {isa = PBXFileReference; lastKnownFileType = file; path = "Kohinoor-Book.otf"; sourceTree = "<group>"; };
		87536B492BD54A380074C273 /* Yoga-Assignment-Info.plist */ = {isa = PBXFileReference; lastKnownFileType = text.plist; path = "Yoga-Assignment-Info.plist"; sourceTree = SOURCE_ROOT; };
		87536B4B2BD54CF50074C273 /* KohinoorText.swift */ = {isa = PBXFileReference; lastKnownFileType = sourcecode.swift; path = KohinoorText.swift; sourceTree = "<group>"; };
/* End PBXFileReference section */

/* Begin PBXFrameworksBuildPhase section */
		87536B082BD4FDF90074C273 /* Frameworks */ = {
			isa = PBXFrameworksBuildPhase;
			buildActionMask = 2147483647;
			files = (
			);
			runOnlyForDeploymentPostprocessing = 0;
		};
/* End PBXFrameworksBuildPhase section */

/* Begin PBXGroup section */
		87536B022BD4FDF90074C273 = {
			isa = PBXGroup;
			children = (
				87536B0D2BD4FDF90074C273 /* Yoga Assignment */,
				87536B0C2BD4FDF90074C273 /* Products */,
			);
			sourceTree = "<group>";
		};
		87536B0C2BD4FDF90074C273 /* Products */ = {
			isa = PBXGroup;
			children = (
				87536B0B2BD4FDF90074C273 /* Yoga Assignment.app */,
			);
			name = Products;
			sourceTree = "<group>";
		};
		87536B0D2BD4FDF90074C273 /* Yoga Assignment */ = {
			isa = PBXGroup;
			children = (
				87536B4A2BD54CC80074C273 /* Views */,
				87536B492BD54A380074C273 /* Yoga-Assignment-Info.plist */,
				87536B462BD5498B0074C273 /* Fonts */,
				87536B1F2BD4FF930074C273 /* Modules */,
				87536B0E2BD4FDF90074C273 /* Yoga_AssignmentApp.swift */,
				87536B122BD4FDFB0074C273 /* Assets.xcassets */,
				87536B142BD4FDFB0074C273 /* Preview Content */,
			);
			path = "Yoga Assignment";
			sourceTree = "<group>";
		};
		87536B142BD4FDFB0074C273 /* Preview Content */ = {
			isa = PBXGroup;
			children = (
				87536B152BD4FDFB0074C273 /* Preview Assets.xcassets */,
			);
			path = "Preview Content";
			sourceTree = "<group>";
		};
		87536B1F2BD4FF930074C273 /* Modules */ = {
			isa = PBXGroup;
			children = (
				87536B2F2BD50E9F0074C273 /* More */,
				87536B2E2BD50E910074C273 /* Milestones */,
				87536B2D2BD50E8A0074C273 /* Library */,
				87536B2C2BD50E720074C273 /* MyPlan */,
				87536B202BD4FFF80074C273 /* Main */,
			);
			path = Modules;
			sourceTree = "<group>";
		};
		87536B202BD4FFF80074C273 /* Main */ = {
			isa = PBXGroup;
			children = (
				87536B342BD50EE90074C273 /* Views */,
			);
			path = Main;
			sourceTree = "<group>";
		};
		87536B2C2BD50E720074C273 /* MyPlan */ = {
			isa = PBXGroup;
			children = (
				87536B432BD545F80074C273 /* Resources */,
				87536B392BD51E040074C273 /* Models */,
				87536B332BD50EDF0074C273 /* Views */,
			);
			path = MyPlan;
			sourceTree = "<group>";
		};
		87536B2D2BD50E8A0074C273 /* Library */ = {
			isa = PBXGroup;
			children = (
				87536B322BD50ED70074C273 /* Views */,
			);
			path = Library;
			sourceTree = "<group>";
		};
		87536B2E2BD50E910074C273 /* Milestones */ = {
			isa = PBXGroup;
			children = (
				87536B312BD50ED00074C273 /* Views */,
			);
			path = Milestones;
			sourceTree = "<group>";
		};
		87536B2F2BD50E9F0074C273 /* More */ = {
			isa = PBXGroup;
			children = (
				87536B302BD50EC90074C273 /* Views */,
			);
			path = More;
			sourceTree = "<group>";
		};
		87536B302BD50EC90074C273 /* Views */ = {
			isa = PBXGroup;
			children = (
				87536B292BD502E30074C273 /* MoreView.swift */,
			);
			path = Views;
			sourceTree = "<group>";
		};
		87536B312BD50ED00074C273 /* Views */ = {
			isa = PBXGroup;
			children = (
				87536B272BD502D90074C273 /* MilestonesView.swift */,
			);
			path = Views;
			sourceTree = "<group>";
		};
		87536B322BD50ED70074C273 /* Views */ = {
			isa = PBXGroup;
			children = (
				87536B252BD501450074C273 /* LibraryView.swift */,
			);
			path = Views;
			sourceTree = "<group>";
		};
		87536B332BD50EDF0074C273 /* Views */ = {
			isa = PBXGroup;
			children = (
				87536B232BD500360074C273 /* MyPlanView.swift */,
				87536B352BD519E80074C273 /* SessionsScroller.swift */,
				87536B372BD519FA0074C273 /* SessionCard.swift */,
			);
			path = Views;
			sourceTree = "<group>";
		};
		87536B342BD50EE90074C273 /* Views */ = {
			isa = PBXGroup;
			children = (
				87536B102BD4FDF90074C273 /* MainView.swift */,
			);
			path = Views;
			sourceTree = "<group>";
		};
		87536B392BD51E040074C273 /* Models */ = {
			isa = PBXGroup;
			children = (
				87536B3B2BD51E7A0074C273 /* Intensity.swift */,
				87536B3D2BD51FD60074C273 /* Session.swift */,
				87536B412BD5221D0074C273 /* DataManager.swift */,
			);
			path = Models;
			sourceTree = "<group>";
		};
		87536B432BD545F80074C273 /* Resources */ = {
			isa = PBXGroup;
			children = (
				87536B442BD546080074C273 /* sessions.json */,
			);
			path = Resources;
			sourceTree = "<group>";
		};
		87536B462BD5498B0074C273 /* Fonts */ = {
			isa = PBXGroup;
			children = (
				87536B482BD5499A0074C273 /* Kohinoor-Book.otf */,
				87536B472BD549990074C273 /* Kohinoor-Medium.otf */,
			);
			path = Fonts;
			sourceTree = "<group>";
		};
		87536B4A2BD54CC80074C273 /* Views */ = {
			isa = PBXGroup;
			children = (
				87536B4B2BD54CF50074C273 /* KohinoorText.swift */,
			);
			path = Views;
			sourceTree = "<group>";
		};
/* End PBXGroup section */

/* Begin PBXNativeTarget section */
		87536B0A2BD4FDF90074C273 /* Yoga Assignment */ = {
			isa = PBXNativeTarget;
			buildConfigurationList = 87536B192BD4FDFB0074C273 /* Build configuration list for PBXNativeTarget "Yoga Assignment" */;
			buildPhases = (
				87536B072BD4FDF90074C273 /* Sources */,
				87536B082BD4FDF90074C273 /* Frameworks */,
				87536B092BD4FDF90074C273 /* Resources */,
			);
			buildRules = (
			);
			dependencies = (
			);
			name = "Yoga Assignment";
			productName = "Yoga Assignment";
			productReference = 87536B0B2BD4FDF90074C273 /* Yoga Assignment.app */;
			productType = "com.apple.product-type.application";
		};
/* End PBXNativeTarget section */

/* Begin PBXProject section */
		87536B032BD4FDF90074C273 /* Project object */ = {
			isa = PBXProject;
			attributes = {
				BuildIndependentTargetsInParallel = 1;
				LastSwiftUpdateCheck = 1530;
				LastUpgradeCheck = 1530;
				TargetAttributes = {
					87536B0A2BD4FDF90074C273 = {
						CreatedOnToolsVersion = 15.3;
					};
				};
			};
			buildConfigurationList = 87536B062BD4FDF90074C273 /* Build configuration list for PBXProject "Yoga Assignment" */;
			compatibilityVersion = "Xcode 14.0";
			developmentRegion = en;
			hasScannedForEncodings = 0;
			knownRegions = (
				en,
				Base,
			);
			mainGroup = 87536B022BD4FDF90074C273;
			productRefGroup = 87536B0C2BD4FDF90074C273 /* Products */;
			projectDirPath = "";
			projectRoot = "";
			targets = (
				87536B0A2BD4FDF90074C273 /* Yoga Assignment */,
			);
		};
/* End PBXProject section */

/* Begin PBXResourcesBuildPhase section */
		87536B092BD4FDF90074C273 /* Resources */ = {
			isa = PBXResourcesBuildPhase;
			buildActionMask = 2147483647;
			files = (
				87536B162BD4FDFB0074C273 /* Preview Assets.xcassets in Resources */,
				87536B452BD546080074C273 /* sessions.json in Resources */,
				87536B132BD4FDFB0074C273 /* Assets.xcassets in Resources */,
			);
			runOnlyForDeploymentPostprocessing = 0;
		};
/* End PBXResourcesBuildPhase section */

/* Begin PBXSourcesBuildPhase section */
		87536B072BD4FDF90074C273 /* Sources */ = {
			isa = PBXSourcesBuildPhase;
			buildActionMask = 2147483647;
			files = (
				87536B3E2BD51FD60074C273 /* Session.swift in Sources */,
				87536B262BD501450074C273 /* LibraryView.swift in Sources */,
				87536B2A2BD502E30074C273 /* MoreView.swift in Sources */,
				87536B4C2BD54CF50074C273 /* KohinoorText.swift in Sources */,
				87536B382BD519FA0074C273 /* SessionCard.swift in Sources */,
				87536B242BD500360074C273 /* MyPlanView.swift in Sources */,
				87536B112BD4FDF90074C273 /* MainView.swift in Sources */,
				87536B362BD519E80074C273 /* SessionsScroller.swift in Sources */,
				87536B282BD502D90074C273 /* MilestonesView.swift in Sources */,
				87536B422BD5221D0074C273 /* DataManager.swift in Sources */,
				87536B3C2BD51E7A0074C273 /* Intensity.swift in Sources */,
				87536B0F2BD4FDF90074C273 /* Yoga_AssignmentApp.swift in Sources */,
			);
			runOnlyForDeploymentPostprocessing = 0;
		};
/* End PBXSourcesBuildPhase section */

/* Begin XCBuildConfiguration section */
		87536B172BD4FDFB0074C273 /* Debug */ = {
			isa = XCBuildConfiguration;
			buildSettings = {
				ALWAYS_SEARCH_USER_PATHS = NO;
				ASSETCATALOG_COMPILER_GENERATE_SWIFT_ASSET_SYMBOL_EXTENSIONS = YES;
				CLANG_ANALYZER_NONNULL = YES;
				CLANG_ANALYZER_NUMBER_OBJECT_CONVERSION = YES_AGGRESSIVE;
				CLANG_CXX_LANGUAGE_STANDARD = "gnu++20";
				CLANG_ENABLE_MODULES = YES;
				CLANG_ENABLE_OBJC_ARC = YES;
				CLANG_ENABLE_OBJC_WEAK = YES;
				CLANG_WARN_BLOCK_CAPTURE_AUTORELEASING = YES;
				CLANG_WARN_BOOL_CONVERSION = YES;
				CLANG_WARN_COMMA = YES;
				CLANG_WARN_CONSTANT_CONVERSION = YES;
				CLANG_WARN_DEPRECATED_OBJC_IMPLEMENTATIONS = YES;
				CLANG_WARN_DIRECT_OBJC_ISA_USAGE = YES_ERROR;
				CLANG_WARN_DOCUMENTATION_COMMENTS = YES;
				CLANG_WARN_EMPTY_BODY = YES;
				CLANG_WARN_ENUM_CONVERSION = YES;
				CLANG_WARN_INFINITE_RECURSION = YES;
				CLANG_WARN_INT_CONVERSION = YES;
				CLANG_WARN_NON_LITERAL_NULL_CONVERSION = YES;
				CLANG_WARN_OBJC_IMPLICIT_RETAIN_SELF = YES;
				CLANG_WARN_OBJC_LITERAL_CONVERSION = YES;
				CLANG_WARN_OBJC_ROOT_CLASS = YES_ERROR;
				CLANG_WARN_QUOTED_INCLUDE_IN_FRAMEWORK_HEADER = YES;
				CLANG_WARN_RANGE_LOOP_ANALYSIS = YES;
				CLANG_WARN_STRICT_PROTOTYPES = YES;
				CLANG_WARN_SUSPICIOUS_MOVE = YES;
				CLANG_WARN_UNGUARDED_AVAILABILITY = YES_AGGRESSIVE;
				CLANG_WARN_UNREACHABLE_CODE = YES;
				CLANG_WARN__DUPLICATE_METHOD_MATCH = YES;
				COPY_PHASE_STRIP = NO;
				DEBUG_INFORMATION_FORMAT = dwarf;
				ENABLE_STRICT_OBJC_MSGSEND = YES;
				ENABLE_TESTABILITY = YES;
				ENABLE_USER_SCRIPT_SANDBOXING = YES;
				GCC_C_LANGUAGE_STANDARD = gnu17;
				GCC_DYNAMIC_NO_PIC = NO;
				GCC_NO_COMMON_BLOCKS = YES;
				GCC_OPTIMIZATION_LEVEL = 0;
				GCC_PREPROCESSOR_DEFINITIONS = (
					"DEBUG=1",
					"$(inherited)",
				);
				GCC_WARN_64_TO_32_BIT_CONVERSION = YES;
				GCC_WARN_ABOUT_RETURN_TYPE = YES_ERROR;
				GCC_WARN_UNDECLARED_SELECTOR = YES;
				GCC_WARN_UNINITIALIZED_AUTOS = YES_AGGRESSIVE;
				GCC_WARN_UNUSED_FUNCTION = YES;
				GCC_WARN_UNUSED_VARIABLE = YES;
				IPHONEOS_DEPLOYMENT_TARGET = 17.4;
				LOCALIZATION_PREFERS_STRING_CATALOGS = YES;
				MTL_ENABLE_DEBUG_INFO = INCLUDE_SOURCE;
				MTL_FAST_MATH = YES;
				ONLY_ACTIVE_ARCH = YES;
				SDKROOT = iphoneos;
				SWIFT_ACTIVE_COMPILATION_CONDITIONS = "DEBUG $(inherited)";
				SWIFT_OPTIMIZATION_LEVEL = "-Onone";
			};
			name = Debug;
		};
		87536B182BD4FDFB0074C273 /* Release */ = {
			isa = XCBuildConfiguration;
			buildSettings = {
				ALWAYS_SEARCH_USER_PATHS = NO;
				ASSETCATALOG_COMPILER_GENERATE_SWIFT_ASSET_SYMBOL_EXTENSIONS = YES;
				CLANG_ANALYZER_NONNULL = YES;
				CLANG_ANALYZER_NUMBER_OBJECT_CONVERSION = YES_AGGRESSIVE;
				CLANG_CXX_LANGUAGE_STANDARD = "gnu++20";
				CLANG_ENABLE_MODULES = YES;
				CLANG_ENABLE_OBJC_ARC = YES;
				CLANG_ENABLE_OBJC_WEAK = YES;
				CLANG_WARN_BLOCK_CAPTURE_AUTORELEASING = YES;
				CLANG_WARN_BOOL_CONVERSION = YES;
				CLANG_WARN_COMMA = YES;
				CLANG_WARN_CONSTANT_CONVERSION = YES;
				CLANG_WARN_DEPRECATED_OBJC_IMPLEMENTATIONS = YES;
				CLANG_WARN_DIRECT_OBJC_ISA_USAGE = YES_ERROR;
				CLANG_WARN_DOCUMENTATION_COMMENTS = YES;
				CLANG_WARN_EMPTY_BODY = YES;
				CLANG_WARN_ENUM_CONVERSION = YES;
				CLANG_WARN_INFINITE_RECURSION = YES;
				CLANG_WARN_INT_CONVERSION = YES;
				CLANG_WARN_NON_LITERAL_NULL_CONVERSION = YES;
				CLANG_WARN_OBJC_IMPLICIT_RETAIN_SELF = YES;
				CLANG_WARN_OBJC_LITERAL_CONVERSION = YES;
				CLANG_WARN_OBJC_ROOT_CLASS = YES_ERROR;
				CLANG_WARN_QUOTED_INCLUDE_IN_FRAMEWORK_HEADER = YES;
				CLANG_WARN_RANGE_LOOP_ANALYSIS = YES;
				CLANG_WARN_STRICT_PROTOTYPES = YES;
				CLANG_WARN_SUSPICIOUS_MOVE = YES;
				CLANG_WARN_UNGUARDED_AVAILABILITY = YES_AGGRESSIVE;
				CLANG_WARN_UNREACHABLE_CODE = YES;
				CLANG_WARN__DUPLICATE_METHOD_MATCH = YES;
				COPY_PHASE_STRIP = NO;
				DEBUG_INFORMATION_FORMAT = "dwarf-with-dsym";
				ENABLE_NS_ASSERTIONS = NO;
				ENABLE_STRICT_OBJC_MSGSEND = YES;
				ENABLE_USER_SCRIPT_SANDBOXING = YES;
				GCC_C_LANGUAGE_STANDARD = gnu17;
				GCC_NO_COMMON_BLOCKS = YES;
				GCC_WARN_64_TO_32_BIT_CONVERSION = YES;
				GCC_WARN_ABOUT_RETURN_TYPE = YES_ERROR;
				GCC_WARN_UNDECLARED_SELECTOR = YES;
				GCC_WARN_UNINITIALIZED_AUTOS = YES_AGGRESSIVE;
				GCC_WARN_UNUSED_FUNCTION = YES;
				GCC_WARN_UNUSED_VARIABLE = YES;
				IPHONEOS_DEPLOYMENT_TARGET = 17.4;
				LOCALIZATION_PREFERS_STRING_CATALOGS = YES;
				MTL_ENABLE_DEBUG_INFO = NO;
				MTL_FAST_MATH = YES;
				SDKROOT = iphoneos;
				SWIFT_COMPILATION_MODE = wholemodule;
				VALIDATE_PRODUCT = YES;
			};
			name = Release;
		};
		87536B1A2BD4FDFB0074C273 /* Debug */ = {
			isa = XCBuildConfiguration;
			buildSettings = {
				ASSETCATALOG_COMPILER_APPICON_NAME = AppIcon;
				ASSETCATALOG_COMPILER_GLOBAL_ACCENT_COLOR_NAME = AccentColor;
				CODE_SIGN_STYLE = Automatic;
				CURRENT_PROJECT_VERSION = 1;
				DEVELOPMENT_ASSET_PATHS = "\"Yoga Assignment/Preview Content\"";
				DEVELOPMENT_TEAM = D652685959;
				ENABLE_PREVIEWS = YES;
				GENERATE_INFOPLIST_FILE = YES;
				INFOPLIST_FILE = "Yoga-Assignment-Info.plist";
				INFOPLIST_KEY_UIApplicationSceneManifest_Generation = YES;
				INFOPLIST_KEY_UIApplicationSupportsIndirectInputEvents = YES;
				INFOPLIST_KEY_UILaunchScreen_Generation = YES;
				INFOPLIST_KEY_UISupportedInterfaceOrientations_iPad = "UIInterfaceOrientationPortrait UIInterfaceOrientationPortraitUpsideDown UIInterfaceOrientationLandscapeLeft UIInterfaceOrientationLandscapeRight";
				INFOPLIST_KEY_UISupportedInterfaceOrientations_iPhone = "UIInterfaceOrientationPortrait UIInterfaceOrientationLandscapeLeft UIInterfaceOrientationLandscapeRight";
				LD_RUNPATH_SEARCH_PATHS = (
					"$(inherited)",
					"@executable_path/Frameworks",
				);
				MARKETING_VERSION = 1.0;
				PRODUCT_BUNDLE_IDENTIFIER = "com.pierrejanineh.Yoga-Assignment";
				PRODUCT_NAME = "$(TARGET_NAME)";
				SWIFT_EMIT_LOC_STRINGS = YES;
				SWIFT_VERSION = 5.0;
				TARGETED_DEVICE_FAMILY = "1,2";
			};
			name = Debug;
		};
		87536B1B2BD4FDFB0074C273 /* Release */ = {
			isa = XCBuildConfiguration;
			buildSettings = {
				ASSETCATALOG_COMPILER_APPICON_NAME = AppIcon;
				ASSETCATALOG_COMPILER_GLOBAL_ACCENT_COLOR_NAME = AccentColor;
				CODE_SIGN_STYLE = Automatic;
				CURRENT_PROJECT_VERSION = 1;
				DEVELOPMENT_ASSET_PATHS = "\"Yoga Assignment/Preview Content\"";
				DEVELOPMENT_TEAM = D652685959;
				ENABLE_PREVIEWS = YES;
				GENERATE_INFOPLIST_FILE = YES;
				INFOPLIST_FILE = "Yoga-Assignment-Info.plist";
				INFOPLIST_KEY_UIApplicationSceneManifest_Generation = YES;
				INFOPLIST_KEY_UIApplicationSupportsIndirectInputEvents = YES;
				INFOPLIST_KEY_UILaunchScreen_Generation = YES;
				INFOPLIST_KEY_UISupportedInterfaceOrientations_iPad = "UIInterfaceOrientationPortrait UIInterfaceOrientationPortraitUpsideDown UIInterfaceOrientationLandscapeLeft UIInterfaceOrientationLandscapeRight";
				INFOPLIST_KEY_UISupportedInterfaceOrientations_iPhone = "UIInterfaceOrientationPortrait UIInterfaceOrientationLandscapeLeft UIInterfaceOrientationLandscapeRight";
				LD_RUNPATH_SEARCH_PATHS = (
					"$(inherited)",
					"@executable_path/Frameworks",
				);
				MARKETING_VERSION = 1.0;
				PRODUCT_BUNDLE_IDENTIFIER = "com.pierrejanineh.Yoga-Assignment";
				PRODUCT_NAME = "$(TARGET_NAME)";
				SWIFT_EMIT_LOC_STRINGS = YES;
				SWIFT_VERSION = 5.0;
				TARGETED_DEVICE_FAMILY = "1,2";
			};
			name = Release;
		};
/* End XCBuildConfiguration section */

/* Begin XCConfigurationList section */
		87536B062BD4FDF90074C273 /* Build configuration list for PBXProject "Yoga Assignment" */ = {
			isa = XCConfigurationList;
			buildConfigurations = (
				87536B172BD4FDFB0074C273 /* Debug */,
				87536B182BD4FDFB0074C273 /* Release */,
			);
			defaultConfigurationIsVisible = 0;
			defaultConfigurationName = Release;
		};
		87536B192BD4FDFB0074C273 /* Build configuration list for PBXNativeTarget "Yoga Assignment" */ = {
			isa = XCConfigurationList;
			buildConfigurations = (
				87536B1A2BD4FDFB0074C273 /* Debug */,
				87536B1B2BD4FDFB0074C273 /* Release */,
			);
			defaultConfigurationIsVisible = 0;
			defaultConfigurationName = Release;
		};
/* End XCConfigurationList section */
	};
	rootObject = 87536B032BD4FDF90074C273 /* Project object */;
}
